{
  "requires": true,
  "lockfileVersion": 1,
  "dependencies": {
    "xrm-mock": {
      "version": "3.5.4",
      "resolved": "https://registry.npmjs.org/xrm-mock/-/xrm-mock-3.5.4.tgz",
      "integrity": "sha512-KL7rE0xZF5ffweuIc83auLRc1dEt2w5OkXl5vN0lqn99XaQuxyIOg/nQOtE0OEh/hI9x4YIfQK6udrgwpbNdhA==",
      "dev": true
    }
  }
}
